
Microsoft Visual Studio Solution File, Format Version 12.00
# Visual Studio 14
VisualStudioVersion = 14.0.23107.0
MinimumVisualStudioVersion = 10.0.40219.1
Project("{FAE04EC0-301F-11D3-BF4B-00C04F79EFBC}") = "Airpot_V2", "Airpot_V2\Airpot_V2.csproj", "{80E080A5-EEF8-4954-8429-357BAFAA593F}"
EndProject
Project("{FAE04EC0-301F-11D3-BF4B-00C04F79EFBC}") = "Airpot_V2Tests", "Airpot_V2Tests\Airpot_V2Tests.csproj", "{6441F8B4-31F2-49ED-ADB2-3723C0138767}"
EndProject
Global
	GlobalSection(SolutionConfigurationPlatforms) = preSolution
		Debug|Any CPU = Debug|Any CPU
		Release|Any CPU = Release|Any CPU
	EndGlobalSection
	GlobalSection(ProjectConfigurationPlatforms) = postSolution
		{80E080A5-EEF8-4954-8429-357BAFAA593F}.Debug|Any CPU.ActiveCfg = Debug|Any CPU
		{80E080A5-EEF8-4954-8429-357BAFAA593F}.Debug|Any CPU.Build.0 = Debug|Any CPU
		{80E080A5-EEF8-4954-8429-357BAFAA593F}.Release|Any CPU.ActiveCfg = Release|Any CPU
		{80E080A5-EEF8-4954-8429-357BAFAA593F}.Release|Any CPU.Build.0 = Release|Any CPU
		{6441F8B4-31F2-49ED-ADB2-3723C0138767}.Debug|Any CPU.ActiveCfg = Debug|Any CPU
		{6441F8B4-31F2-49ED-ADB2-3723C0138767}.Debug|Any CPU.Build.0 = Debug|Any CPU
		{6441F8B4-31F2-49ED-ADB2-3723C0138767}.Release|Any CPU.ActiveCfg = Release|Any CPU
		{6441F8B4-31F2-49ED-ADB2-3723C0138767}.Release|Any CPU.Build.0 = Release|Any CPU
	EndGlobalSection
	GlobalSection(SolutionProperties) = preSolution
		HideSolutionNode = FALSE
	EndGlobalSection
EndGlobal
